// !$*UTF8*$!
{
	archiveVersion = 1;
	classes = {
	};
	objectVersion = 46;
	objects = {

/* Begin PBXBuildFile section */
		F39C5CD71CAF3DE700919F29 /* AppDelegate.swift in Sources */ = {isa = PBXBuildFile; fileRef = F39C5CD61CAF3DE700919F29 /* AppDelegate.swift */; };
		F39C5CD91CAF3DE700919F29 /* Assets.xcassets in Resources */ = {isa = PBXBuildFile; fileRef = F39C5CD81CAF3DE700919F29 /* Assets.xcassets */; };
		F39C5CDC1CAF3DE700919F29 /* MainMenu.xib in Resources */ = {isa = PBXBuildFile; fileRef = F39C5CDA1CAF3DE700919F29 /* MainMenu.xib */; };
/* End PBXBuildFile section */

/* Begin PBXFileReference section */
		F39C5CD31CAF3DE700919F29 /* Mailage.app */ = {isa = PBXFileReference; explicitFileType = wrapper.application; includeInIndex = 0; path = Mailage.app; sourceTree = BUILT_PRODUCTS_DIR; };
		F39C5CD61CAF3DE700919F29 /* AppDelegate.swift */ = {isa = PBXFileReference; lastKnownFileType = sourcecode.swift; path = AppDelegate.swift; sourceTree = "<group>"; };
		F39C5CD81CAF3DE700919F29 /* Assets.xcassets */ = {isa = PBXFileReference; lastKnownFileType = folder.assetcatalog; path = Assets.xcassets; sourceTree = "<group>"; };
		F39C5CDB1CAF3DE700919F29 /* Base */ = {isa = PBXFileReference; lastKnownFileType = file.xib; name = Base; path = Base.lproj/MainMenu.xib; sourceTree = "<group>"; };
		F39C5CDD1CAF3DE700919F29 /* Info.plist */ = {isa = PBXFileReference; lastKnownFileType = text.plist.xml; path = Info.plist; sourceTree = "<group>"; };
/* End PBXFileReference section */

/* Begin PBXFrameworksBuildPhase section */
		F39C5CD01CAF3DE700919F29 /* Frameworks */ = {
			isa = PBXFrameworksBuildPhase;
			buildActionMask = 2147483647;
			files = (
			);
			runOnlyForDeploymentPostprocessing = 0;
		};
/* End PBXFrameworksBuildPhase section */

/* Begin PBXGroup section */
		F39C5CCA1CAF3DE700919F29 = {
			isa = PBXGroup;
			children = (
				F39C5CD51CAF3DE700919F29 /* Mailage */,
				F39C5CD41CAF3DE700919F29 /* Products */,
			);
			sourceTree = "<group>";
		};
		F39C5CD41CAF3DE700919F29 /* Products */ = {
			isa = PBXGroup;
			children = (
				F39C5CD31CAF3DE700919F29 /* Mailage.app */,
			);
			name = Products;
			sourceTree = "<group>";
		};
		F39C5CD51CAF3DE700919F29 /* Mailage */ = {
			isa = PBXGroup;
			children = (
				F39C5CD61CAF3DE700919F29 /* AppDelegate.swift */,
				F39C5CD81CAF3DE700919F29 /* Assets.xcassets */,
				F39C5CDA1CAF3DE700919F29 /* MainMenu.xib */,
				F39C5CDD1CAF3DE700919F29 /* Info.plist */,
			);
			path = Mailage;
			sourceTree = "<group>";
		};
/* End PBXGroup section */

/* Begin PBXNativeTarget section */
		F39C5CD21CAF3DE700919F29 /* Mailage */ = {
			isa = PBXNativeTarget;
			buildConfigurationList = F39C5CE01CAF3DE700919F29 /* Build configuration list for PBXNativeTarget "Mailage" */;
			buildPhases = (
				F39C5CCF1CAF3DE700919F29 /* Sources */,
				F39C5CD01CAF3DE700919F29 /* Frameworks */,
				F39C5CD11CAF3DE700919F29 /* Resources */,
			);
			buildRules = (
			);
			dependencies = (
			);
			name = Mailage;
			productName = Mailage;
			productReference = F39C5CD31CAF3DE700919F29 /* Mailage.app */;
			productType = "com.apple.product-type.application";
		};
/* End PBXNativeTarget section */

/* Begin PBXProject section */
		F39C5CCB1CAF3DE700919F29 /* Project object */ = {
			isa = PBXProject;
			attributes = {
				LastSwiftUpdateCheck = 0730;
				LastUpgradeCheck = 0730;
				ORGANIZATIONNAME = YourMechanic;
				TargetAttributes = {
					F39C5CD21CAF3DE700919F29 = {
						CreatedOnToolsVersion = 7.3;
					};
				};
			};
			buildConfigurationList = F39C5CCE1CAF3DE700919F29 /* Build configuration list for PBXProject "Mailage" */;
			compatibilityVersion = "Xcode 3.2";
			developmentRegion = English;
			hasScannedForEncodings = 0;
			knownRegions = (
				en,
				Base,
			);
			mainGroup = F39C5CCA1CAF3DE700919F29;
			productRefGroup = F39C5CD41CAF3DE700919F29 /* Products */;
			projectDirPath = "";
			projectRoot = "";
			targets = (
				F39C5CD21CAF3DE700919F29 /* Mailage */,
			);
		};
/* End PBXProject section */

/* Begin PBXResourcesBuildPhase section */
		F39C5CD11CAF3DE700919F29 /* Resources */ = {
			isa = PBXResourcesBuildPhase;
			buildActionMask = 2147483647;
			files = (
				F39C5CD91CAF3DE700919F29 /* Assets.xcassets in Resources */,
				F39C5CDC1CAF3DE700919F29 /* MainMenu.xib in Resources */,
			);
			runOnlyForDeploymentPostprocessing = 0;
		};
/* End PBXResourcesBuildPhase section */

/* Begin PBXSourcesBuildPhase section */
		F39C5CCF1CAF3DE700919F29 /* Sources */ = {
			isa = PBXSourcesBuildPhase;
			buildActionMask = 2147483647;
			files = (
				F39C5CD71CAF3DE700919F29 /* AppDelegate.swift in Sources */,
			);
			runOnlyForDeploymentPostprocessing = 0;
		};
/* End PBXSourcesBuildPhase section */

/* Begin PBXVariantGroup section */
		F39C5CDA1CAF3DE700919F29 /* MainMenu.xib */ = {
			isa = PBXVariantGroup;
			children = (
				F39C5CDB1CAF3DE700919F29 /* Base */,
			);
			name = MainMenu.xib;
			sourceTree = "<group>";
		};
/* End PBXVariantGroup section */

/* Begin XCBuildConfiguration section */
		F39C5CDE1CAF3DE700919F29 /* Debug */ = {
			isa = XCBuildConfiguration;
			buildSettings = {
				ALWAYS_SEARCH_USER_PATHS = NO;
				CLANG_ANALYZER_NONNULL = YES;
				CLANG_CXX_LANGUAGE_STANDARD = "gnu++0x";
				CLANG_CXX_LIBRARY = "libc++";
				CLANG_ENABLE_MODULES = YES;
				CLANG_ENABLE_OBJC_ARC = YES;
				CLANG_WARN_BOOL_CONVERSION = YES;
				CLANG_WARN_CONSTANT_CONVERSION = YES;
				CLANG_WARN_DIRECT_OBJC_ISA_USAGE = YES_ERROR;
				CLANG_WARN_EMPTY_BODY = YES;
				CLANG_WARN_ENUM_CONVERSION = YES;
				CLANG_WARN_INT_CONVERSION = YES;
				CLANG_WARN_OBJC_ROOT_CLASS = YES_ERROR;
				CLANG_WARN_UNREACHABLE_CODE = YES;
				CLANG_WARN__DUPLICATE_METHOD_MATCH = YES;
				CODE_SIGN_IDENTITY = "-";
				COPY_PHASE_STRIP = NO;
				DEBUG_INFORMATION_FORMAT = dwarf;
				ENABLE_STRICT_OBJC_MSGSEND = YES;
				ENABLE_TESTABILITY = YES;
				GCC_C_LANGUAGE_STANDARD = gnu99;
				GCC_DYNAMIC_NO_PIC = NO;
				GCC_NO_COMMON_BLOCKS = YES;
				GCC_OPTIMIZATION_LEVEL = 0;
				GCC_PREPROCESSOR_DEFINITIONS = (
					"DEBUG=1",
					"$(inherited)",
				);
				GCC_WARN_64_TO_32_BIT_CONVERSION = YES;
				GCC_WARN_ABOUT_RETURN_TYPE = YES_ERROR;
				GCC_WARN_UNDECLARED_SELECTOR = YES;
				GCC_WARN_UNINITIALIZED_AUTOS = YES_AGGRESSIVE;
				GCC_WARN_UNUSED_FUNCTION = YES;
				GCC_WARN_UNUSED_VARIABLE = YES;
				MACOSX_DEPLOYMENT_TARGET = 10.11;
				MTL_ENABLE_DEBUG_INFO = YES;
				ONLY_ACTIVE_ARCH = YES;
				SDKROOT = macosx;
				SWIFT_OPTIMIZATION_LEVEL = "-Onone";
			};
			name = Debug;
		};
		F39C5CDF1CAF3DE700919F29 /* Release */ = {
			isa = XCBuildConfiguration;
			buildSettings = {
				ALWAYS_SEARCH_USER_PATHS = NO;
				CLANG_ANALYZER_NONNULL = YES;
				CLANG_CXX_LANGUAGE_STANDARD = "gnu++0x";
				CLANG_CXX_LIBRARY = "libc++";
				CLANG_ENABLE_MODULES = YES;
				CLANG_ENABLE_OBJC_ARC = YES;
				CLANG_WARN_BOOL_CONVERSION = YES;
				CLANG_WARN_CONSTANT_CONVERSION = YES;
				CLANG_WARN_DIRECT_OBJC_ISA_USAGE = YES_ERROR;
				CLANG_WARN_EMPTY_BODY = YES;
				CLANG_WARN_ENUM_CONVERSION = YES;
				CLANG_WARN_INT_CONVERSION = YES;
				CLANG_WARN_OBJC_ROOT_CLASS = YES_ERROR;
				CLANG_WARN_UNREACHABLE_CODE = YES;
				CLANG_WARN__DUPLICATE_METHOD_MATCH = YES;
				CODE_SIGN_IDENTITY = "-";
				COPY_PHASE_STRIP = NO;
				DEBUG_INFORMATION_FORMAT = "dwarf-with-dsym";
				ENABLE_NS_ASSERTIONS = NO;
				ENABLE_STRICT_OBJC_MSGSEND = YES;
				GCC_C_LANGUAGE_STANDARD = gnu99;
				GCC_NO_COMMON_BLOCKS = YES;
				GCC_WARN_64_TO_32_BIT_CONVERSION = YES;
				GCC_WARN_ABOUT_RETURN_TYPE = YES_ERROR;
				GCC_WARN_UNDECLARED_SELECTOR = YES;
				GCC_WARN_UNINITIALIZED_AUTOS = YES_AGGRESSIVE;
				GCC_WARN_UNUSED_FUNCTION = YES;
				GCC_WARN_UNUSED_VARIABLE = YES;
				MACOSX_DEPLOYMENT_TARGET = 10.11;
				MTL_ENABLE_DEBUG_INFO = NO;
				SDKROOT = macosx;
			};
			name = Release;
		};
		F39C5CE11CAF3DE700919F29 /* Debug */ = {
			isa = XCBuildConfiguration;
			buildSettings = {
				ASSETCATALOG_COMPILER_APPICON_NAME = AppIcon;
				COMBINE_HIDPI_IMAGES = YES;
				INFOPLIST_FILE = Mailage/Info.plist;
				LD_RUNPATH_SEARCH_PATHS = "$(inherited) @executable_path/../Frameworks";
				PRODUCT_BUNDLE_IDENTIFIER = io.mailage.Mailage;
				PRODUCT_NAME = "$(TARGET_NAME)";
			};
			name = Debug;
		};
		F39C5CE21CAF3DE700919F29 /* Release */ = {
			isa = XCBuildConfiguration;
			buildSettings = {
				ASSETCATALOG_COMPILER_APPICON_NAME = AppIcon;
				COMBINE_HIDPI_IMAGES = YES;
				INFOPLIST_FILE = Mailage/Info.plist;
				LD_RUNPATH_SEARCH_PATHS = "$(inherited) @executable_path/../Frameworks";
				PRODUCT_BUNDLE_IDENTIFIER = io.mailage.Mailage;
				PRODUCT_NAME = "$(TARGET_NAME)";
			};
			name = Release;
		};
/* End XCBuildConfiguration section */

/* Begin XCConfigurationList section */
		F39C5CCE1CAF3DE700919F29 /* Build configuration list for PBXProject "Mailage" */ = {
			isa = XCConfigurationList;
			buildConfigurations = (
				F39C5CDE1CAF3DE700919F29 /* Debug */,
				F39C5CDF1CAF3DE700919F29 /* Release */,
			);
			defaultConfigurationIsVisible = 0;
			defaultConfigurationName = Release;
		};
		F39C5CE01CAF3DE700919F29 /* Build configuration list for PBXNativeTarget "Mailage" */ = {
			isa = XCConfigurationList;
			buildConfigurations = (
				F39C5CE11CAF3DE700919F29 /* Debug */,
				F39C5CE21CAF3DE700919F29 /* Release */,
			);
			defaultConfigurationIsVisible = 0;
		};
/* End XCConfigurationList section */
	};
	rootObject = F39C5CCB1CAF3DE700919F29 /* Project object */;
}
